Microsoft Visual Studio Solution File, Format Version 12.00
# Visual Studio Version 17
VisualStudioVersion = 17.5.2.0
MinimumVisualStudioVersion = 10.0.40219.1
Project("{FAE04EC0-301F-11D3-BF4B-00C04F79EFBC}") = "ClothingStoreProject", "ClothingStoreProject.csproj", "{C0F49469-7096-304A-1DC0-3EE3A870EC6C}"
EndProject
Global
	GlobalSection(SolutionConfigurationPlatforms) = preSolution
		Debug|Any CPU = Debug|Any CPU
		Release|Any CPU = Release|Any CPU
	EndGlobalSection
	GlobalSection(ProjectConfigurationPlatforms) = postSolution
		{C0F49469-7096-304A-1DC0-3EE3A870EC6C}.Debug|Any CPU.ActiveCfg = Debug|Any CPU
		{C0F49469-7096-304A-1DC0-3EE3A870EC6C}.Debug|Any CPU.Build.0 = Debug|Any CPU
		{C0F49469-7096-304A-1DC0-3EE3A870EC6C}.Release|Any CPU.ActiveCfg = Release|Any CPU
		{C0F49469-7096-304A-1DC0-3EE3A870EC6C}.Release|Any CPU.Build.0 = Release|Any CPU
	EndGlobalSection
	GlobalSection(SolutionProperties) = preSolution
		HideSolutionNode = FALSE
	EndGlobalSection
	GlobalSection(ExtensibilityGlobals) = postSolution
		SolutionGuid = {6E63A731-57BD-4693-8C25-CBE0FE2111CD}
	EndGlobalSection
EndGlobal
